
Microsoft Visual Studio Solution File, Format Version 12.00
Project("{FAE04EC0-301F-11D3-BF4B-00C04F79EFBC}") = "BoatLine", "BoatLine\BoatLine.csproj", "{4DE13A26-C52E-43B7-A3CB-C14A896A90AD}"
EndProject
Global
	GlobalSection(SolutionConfigurationPlatforms) = preSolution
		Debug|Any CPU = Debug|Any CPU
		Release|Any CPU = Release|Any CPU
	EndGlobalSection
	GlobalSection(ProjectConfigurationPlatforms) = postSolution
		{4DE13A26-C52E-43B7-A3CB-C14A896A90AD}.Debug|Any CPU.ActiveCfg = Debug|Any CPU
		{4DE13A26-C52E-43B7-A3CB-C14A896A90AD}.Debug|Any CPU.Build.0 = Debug|Any CPU
		{4DE13A26-C52E-43B7-A3CB-C14A896A90AD}.Release|Any CPU.ActiveCfg = Release|Any CPU
		{4DE13A26-C52E-43B7-A3CB-C14A896A90AD}.Release|Any CPU.Build.0 = Release|Any CPU
	EndGlobalSection
EndGlobal
